
Microsoft Visual Studio Solution File, Format Version 10.00
# Visual Studio 2008
Project("{FAE04EC0-301F-11D3-BF4B-00C04F79EFBC}") = "ProjectEditor", "editor\ProjectEditor.csproj", "{ED57DCEC-3C16-4A90-BD3C-4D5BE5AD70FB}"
EndProject
Project("{FAE04EC0-301F-11D3-BF4B-00C04F79EFBC}") = "ProjectEditorTests", "tests\ProjectEditorTests.csproj", "{A9E1C1E9-AE97-4510-AD94-EAFADE425FBE}"
EndProject
Global
	GlobalSection(SolutionConfigurationPlatforms) = preSolution
		Debug|Any CPU = Debug|Any CPU
		Release|Any CPU = Release|Any CPU
	EndGlobalSection
	GlobalSection(ProjectConfigurationPlatforms) = postSolution
		{ED57DCEC-3C16-4A90-BD3C-4D5BE5AD70FB}.Debug|Any CPU.ActiveCfg = Debug|Any CPU
		{ED57DCEC-3C16-4A90-BD3C-4D5BE5AD70FB}.Debug|Any CPU.Build.0 = Debug|Any CPU
		{ED57DCEC-3C16-4A90-BD3C-4D5BE5AD70FB}.Release|Any CPU.ActiveCfg = Release|Any CPU
		{ED57DCEC-3C16-4A90-BD3C-4D5BE5AD70FB}.Release|Any CPU.Build.0 = Release|Any CPU
		{A9E1C1E9-AE97-4510-AD94-EAFADE425FBE}.Debug|Any CPU.ActiveCfg = Debug|Any CPU
		{A9E1C1E9-AE97-4510-AD94-EAFADE425FBE}.Debug|Any CPU.Build.0 = Debug|Any CPU
		{A9E1C1E9-AE97-4510-AD94-EAFADE425FBE}.Release|Any CPU.ActiveCfg = Release|Any CPU
		{A9E1C1E9-AE97-4510-AD94-EAFADE425FBE}.Release|Any CPU.Build.0 = Release|Any CPU
	EndGlobalSection
	GlobalSection(SolutionProperties) = preSolution
		HideSolutionNode = FALSE
	EndGlobalSection
EndGlobal
